
Microsoft Visual Studio Solution File, Format Version 12.00
# Visual Studio Version 17
VisualStudioVersion = 17.4.33403.182
MinimumVisualStudioVersion = 10.0.40219.1
Project("{FAE04EC0-301F-11D3-BF4B-00C04F79EFBC}") = "Module.AGS", "Module.AGS\Module.AGS.csproj", "{AFC4A9F3-0837-44FD-8F4A-03502B3076B7}"
EndProject
Global
	GlobalSection(SolutionConfigurationPlatforms) = preSolution
		Debug|Any CPU = Debug|Any CPU
		Release|Any CPU = Release|Any CPU
	EndGlobalSection
	GlobalSection(ProjectConfigurationPlatforms) = postSolution
		{AFC4A9F3-0837-44FD-8F4A-03502B3076B7}.Debug|Any CPU.ActiveCfg = Debug|Any CPU
		{AFC4A9F3-0837-44FD-8F4A-03502B3076B7}.Debug|Any CPU.Build.0 = Debug|Any CPU
		{AFC4A9F3-0837-44FD-8F4A-03502B3076B7}.Release|Any CPU.ActiveCfg = Release|Any CPU
		{AFC4A9F3-0837-44FD-8F4A-03502B3076B7}.Release|Any CPU.Build.0 = Release|Any CPU
	EndGlobalSection
	GlobalSection(SolutionProperties) = preSolution
		HideSolutionNode = FALSE
	EndGlobalSection
	GlobalSection(ExtensibilityGlobals) = postSolution
		SolutionGuid = {89900665-3115-4DFA-95E1-51B1112A37FA}
	EndGlobalSection
EndGlobal
